
Microsoft Visual Studio Solution File, Format Version 12.00
# Visual Studio 14
VisualStudioVersion = 14.0.25420.1
MinimumVisualStudioVersion = 10.0.40219.1
Project("{FAE04EC0-301F-11D3-BF4B-00C04F79EFBC}") = "Jarvis.Data", "Jarvis.Data\Jarvis.Data.csproj", "{4F85A6D8-4D2D-4693-999E-2D52E999979F}"
EndProject
Project("{FAE04EC0-301F-11D3-BF4B-00C04F79EFBC}") = "Jarvis.Client", "Jarvis.Client\Jarvis.Client.csproj", "{3343643B-B448-47D5-9EBC-6A9B90C1BD60}"
EndProject
Project("{2150E333-8FDC-42A3-9474-1A3956D46DE8}") = "Client", "Client", "{DE44AC69-7E69-48C1-A0CA-2183719DF1D4}"
EndProject
Project("{2150E333-8FDC-42A3-9474-1A3956D46DE8}") = "Database", "Database", "{5F2DDC4B-99B7-4848-B472-D68258D08BD2}"
EndProject
Project("{2150E333-8FDC-42A3-9474-1A3956D46DE8}") = "Core", "Core", "{736C3F68-F501-4751-9B0B-65BEB28E1386}"
EndProject
Project("{2150E333-8FDC-42A3-9474-1A3956D46DE8}") = "Modules", "Modules", "{B5EA80A6-D3BF-49A8-BF09-8F27575863CC}"
EndProject
Project("{2150E333-8FDC-42A3-9474-1A3956D46DE8}") = "Chat", "Chat", "{F6AC25F5-3B77-4065-91CE-720B4D3388C5}"
EndProject
Project("{2150E333-8FDC-42A3-9474-1A3956D46DE8}") = "Security", "Security", "{0C96D714-A869-46A7-98F1-B615C342F58B}"
EndProject
Project("{2150E333-8FDC-42A3-9474-1A3956D46DE8}") = "Games", "Games", "{0444EF50-1A7B-4980-8185-9F4B658A32E8}"
EndProject
Project("{FAE04EC0-301F-11D3-BF4B-00C04F79EFBC}") = "Jarvis.SecureDesktop", "Jarvis.SecureDesktop\Jarvis.SecureDesktop.csproj", "{B7730EE4-50F0-46D8-BC6F-1E165BD67CFE}"
EndProject
Project("{FAE04EC0-301F-11D3-BF4B-00C04F79EFBC}") = "Jarvis.Encryptor", "Jarvis.Encryptor\Jarvis.Encryptor.csproj", "{FFA12886-D62E-4E4E-B43B-23997302793D}"
EndProject
Project("{FAE04EC0-301F-11D3-BF4B-00C04F79EFBC}") = "Jarvis.RegistryEditor", "Jarvis.RegistryEditor\Jarvis.RegistryEditor.csproj", "{35C8B8D1-88EF-4B6A-9EF7-D1E44E68347E}"
EndProject
Project("{FAE04EC0-301F-11D3-BF4B-00C04F79EFBC}") = "Jarvis.Commons", "Jarvis.Commons\Jarvis.Commons.csproj", "{48BA70AC-EC33-4F3F-A3C0-C2C40E4808F5}"
EndProject
Project("{FAE04EC0-301F-11D3-BF4B-00C04F79EFBC}") = "Jarvis.Logic", "Jarvis.Logic\Jarvis.Logic.csproj", "{CD50BEBA-7E95-480A-8867-3EA8E638C818}"
EndProject
Project("{2150E333-8FDC-42A3-9474-1A3956D46DE8}") = "Web", "Web", "{67A0A6B7-014B-414A-BD65-B43F665AF8C2}"
EndProject
Project("{FAE04EC0-301F-11D3-BF4B-00C04F79EFBC}") = "Jarvis.Web", "Jarvis.Web\Jarvis.Web.csproj", "{AA1B4217-8974-40C0-81E4-658E962C20A1}"
EndProject
Global
	GlobalSection(SolutionConfigurationPlatforms) = preSolution
		Debug|Any CPU = Debug|Any CPU
		Release|Any CPU = Release|Any CPU
	EndGlobalSection
	GlobalSection(ProjectConfigurationPlatforms) = postSolution
		{4F85A6D8-4D2D-4693-999E-2D52E999979F}.Debug|Any CPU.ActiveCfg = Debug|Any CPU
		{4F85A6D8-4D2D-4693-999E-2D52E999979F}.Debug|Any CPU.Build.0 = Debug|Any CPU
		{4F85A6D8-4D2D-4693-999E-2D52E999979F}.Release|Any CPU.ActiveCfg = Release|Any CPU
		{4F85A6D8-4D2D-4693-999E-2D52E999979F}.Release|Any CPU.Build.0 = Release|Any CPU
		{3343643B-B448-47D5-9EBC-6A9B90C1BD60}.Debug|Any CPU.ActiveCfg = Debug|Any CPU
		{3343643B-B448-47D5-9EBC-6A9B90C1BD60}.Debug|Any CPU.Build.0 = Debug|Any CPU
		{3343643B-B448-47D5-9EBC-6A9B90C1BD60}.Release|Any CPU.ActiveCfg = Release|Any CPU
		{3343643B-B448-47D5-9EBC-6A9B90C1BD60}.Release|Any CPU.Build.0 = Release|Any CPU
		{B7730EE4-50F0-46D8-BC6F-1E165BD67CFE}.Debug|Any CPU.ActiveCfg = Debug|Any CPU
		{B7730EE4-50F0-46D8-BC6F-1E165BD67CFE}.Debug|Any CPU.Build.0 = Debug|Any CPU
		{B7730EE4-50F0-46D8-BC6F-1E165BD67CFE}.Release|Any CPU.ActiveCfg = Release|Any CPU
		{B7730EE4-50F0-46D8-BC6F-1E165BD67CFE}.Release|Any CPU.Build.0 = Release|Any CPU
		{FFA12886-D62E-4E4E-B43B-23997302793D}.Debug|Any CPU.ActiveCfg = Debug|Any CPU
		{FFA12886-D62E-4E4E-B43B-23997302793D}.Debug|Any CPU.Build.0 = Debug|Any CPU
		{FFA12886-D62E-4E4E-B43B-23997302793D}.Release|Any CPU.ActiveCfg = Release|Any CPU
		{FFA12886-D62E-4E4E-B43B-23997302793D}.Release|Any CPU.Build.0 = Release|Any CPU
		{35C8B8D1-88EF-4B6A-9EF7-D1E44E68347E}.Debug|Any CPU.ActiveCfg = Debug|Any CPU
		{35C8B8D1-88EF-4B6A-9EF7-D1E44E68347E}.Debug|Any CPU.Build.0 = Debug|Any CPU
		{35C8B8D1-88EF-4B6A-9EF7-D1E44E68347E}.Release|Any CPU.ActiveCfg = Release|Any CPU
		{35C8B8D1-88EF-4B6A-9EF7-D1E44E68347E}.Release|Any CPU.Build.0 = Release|Any CPU
		{48BA70AC-EC33-4F3F-A3C0-C2C40E4808F5}.Debug|Any CPU.ActiveCfg = Debug|Any CPU
		{48BA70AC-EC33-4F3F-A3C0-C2C40E4808F5}.Debug|Any CPU.Build.0 = Debug|Any CPU
		{48BA70AC-EC33-4F3F-A3C0-C2C40E4808F5}.Release|Any CPU.ActiveCfg = Release|Any CPU
		{48BA70AC-EC33-4F3F-A3C0-C2C40E4808F5}.Release|Any CPU.Build.0 = Release|Any CPU
		{CD50BEBA-7E95-480A-8867-3EA8E638C818}.Debug|Any CPU.ActiveCfg = Debug|Any CPU
		{CD50BEBA-7E95-480A-8867-3EA8E638C818}.Debug|Any CPU.Build.0 = Debug|Any CPU
		{CD50BEBA-7E95-480A-8867-3EA8E638C818}.Release|Any CPU.ActiveCfg = Release|Any CPU
		{CD50BEBA-7E95-480A-8867-3EA8E638C818}.Release|Any CPU.Build.0 = Release|Any CPU
		{AA1B4217-8974-40C0-81E4-658E962C20A1}.Debug|Any CPU.ActiveCfg = Debug|Any CPU
		{AA1B4217-8974-40C0-81E4-658E962C20A1}.Debug|Any CPU.Build.0 = Debug|Any CPU
		{AA1B4217-8974-40C0-81E4-658E962C20A1}.Release|Any CPU.ActiveCfg = Release|Any CPU
		{AA1B4217-8974-40C0-81E4-658E962C20A1}.Release|Any CPU.Build.0 = Release|Any CPU
	EndGlobalSection
	GlobalSection(SolutionProperties) = preSolution
		HideSolutionNode = FALSE
	EndGlobalSection
	GlobalSection(NestedProjects) = preSolution
		{4F85A6D8-4D2D-4693-999E-2D52E999979F} = {5F2DDC4B-99B7-4848-B472-D68258D08BD2}
		{3343643B-B448-47D5-9EBC-6A9B90C1BD60} = {DE44AC69-7E69-48C1-A0CA-2183719DF1D4}
		{F6AC25F5-3B77-4065-91CE-720B4D3388C5} = {B5EA80A6-D3BF-49A8-BF09-8F27575863CC}
		{0C96D714-A869-46A7-98F1-B615C342F58B} = {B5EA80A6-D3BF-49A8-BF09-8F27575863CC}
		{0444EF50-1A7B-4980-8185-9F4B658A32E8} = {B5EA80A6-D3BF-49A8-BF09-8F27575863CC}
		{B7730EE4-50F0-46D8-BC6F-1E165BD67CFE} = {0C96D714-A869-46A7-98F1-B615C342F58B}
		{FFA12886-D62E-4E4E-B43B-23997302793D} = {0C96D714-A869-46A7-98F1-B615C342F58B}
		{35C8B8D1-88EF-4B6A-9EF7-D1E44E68347E} = {0C96D714-A869-46A7-98F1-B615C342F58B}
		{48BA70AC-EC33-4F3F-A3C0-C2C40E4808F5} = {736C3F68-F501-4751-9B0B-65BEB28E1386}
		{CD50BEBA-7E95-480A-8867-3EA8E638C818} = {736C3F68-F501-4751-9B0B-65BEB28E1386}
		{67A0A6B7-014B-414A-BD65-B43F665AF8C2} = {B5EA80A6-D3BF-49A8-BF09-8F27575863CC}
		{AA1B4217-8974-40C0-81E4-658E962C20A1} = {67A0A6B7-014B-414A-BD65-B43F665AF8C2}
	EndGlobalSection
EndGlobal
